
Microsoft Visual Studio Solution File, Format Version 12.00
# Visual Studio Version 17
VisualStudioVersion = 17.0.31903.59
MinimumVisualStudioVersion = 10.0.40219.1
Project("{2150E333-8FDC-42A3-9474-1A3956D46DE8}") = "src", "src", "{827E0CD3-B72D-47B6-A68D-7590B98EB39B}"
EndProject
Project("{FAE04EC0-301F-11D3-BF4B-00C04F79EFBC}") = "BasicBudget.Domain", "src\BasicBudget.Domain\BasicBudget.Domain.csproj", "{BF928E84-953F-4765-9323-4AE6FD73132F}"
EndProject
Project("{FAE04EC0-301F-11D3-BF4B-00C04F79EFBC}") = "BasicBudget.Application", "src\BasicBudget.Application\BasicBudget.Application.csproj", "{5C95C1BA-6FF7-4158-9171-3A437519D4EB}"
EndProject
Project("{FAE04EC0-301F-11D3-BF4B-00C04F79EFBC}") = "BasicBudget.Infrastructure", "src\BasicBudget.Infrastructure\BasicBudget.Infrastructure.csproj", "{DDCA427D-9E0A-45B5-9CA3-A44A83BC733A}"
EndProject
Project("{FAE04EC0-301F-11D3-BF4B-00C04F79EFBC}") = "BasicBudget.GraphQL", "src\BasicBudget.GraphQL\BasicBudget.GraphQL.csproj", "{FD13B78F-1B68-4DEC-8C4F-4FC31DBF1620}"
EndProject
Project("{FAE04EC0-301F-11D3-BF4B-00C04F79EFBC}") = "BasicBudget.AppHost", "src\BasicBudget.AppHost\BasicBudget.AppHost.csproj", "{68172DA0-5793-435F-9755-5931AC089FA9}"
EndProject
Project("{2150E333-8FDC-42A3-9474-1A3956D46DE8}") = "tests", "tests", "{0AB3BF05-4346-4AA6-1389-037BE0695223}"
EndProject
Project("{FAE04EC0-301F-11D3-BF4B-00C04F79EFBC}") = "BasicBudget.GraphQL.Tests", "tests\BasicBudget.GraphQL.Tests\BasicBudget.GraphQL.Tests.csproj", "{19DA276A-D0B5-4E00-A52F-89750703EC7D}"
EndProject
Project("{FAE04EC0-301F-11D3-BF4B-00C04F79EFBC}") = "BasicBudget.IntegrationTests", "tests\BasicBudget.IntegrationTests\BasicBudget.IntegrationTests.csproj", "{25182ED8-20C8-4655-ABEE-404CAC73EF4B}"
EndProject
Project("{FAE04EC0-301F-11D3-BF4B-00C04F79EFBC}") = "BasicBudget.Domain.Tests", "tests\BasicBudget.Domain.Tests\BasicBudget.Domain.Tests.csproj", "{71492B55-1FAA-4236-BD7B-BBC929395028}"
EndProject
Project("{FAE04EC0-301F-11D3-BF4B-00C04F79EFBC}") = "BasicBudget.Application.Tests", "tests\BasicBudget.Application.Tests\BasicBudget.Application.Tests.csproj", "{277FBE9E-BDB0-4896-9E33-3DF4F792022D}"
EndProject
Project("{FAE04EC0-301F-11D3-BF4B-00C04F79EFBC}") = "BasicBudget.Infrastructure.Tests", "tests\BasicBudget.Infrastructure.Tests\BasicBudget.Infrastructure.Tests.csproj", "{C8D991A1-CB78-4FEC-8580-8596B0023940}"
EndProject
Global
	GlobalSection(SolutionConfigurationPlatforms) = preSolution
		Debug|Any CPU = Debug|Any CPU
		Debug|x64 = Debug|x64
		Debug|x86 = Debug|x86
		Release|Any CPU = Release|Any CPU
		Release|x64 = Release|x64
		Release|x86 = Release|x86
	EndGlobalSection
	GlobalSection(ProjectConfigurationPlatforms) = postSolution
		{BF928E84-953F-4765-9323-4AE6FD73132F}.Debug|Any CPU.ActiveCfg = Debug|Any CPU
		{BF928E84-953F-4765-9323-4AE6FD73132F}.Debug|Any CPU.Build.0 = Debug|Any CPU
		{BF928E84-953F-4765-9323-4AE6FD73132F}.Debug|x64.ActiveCfg = Debug|Any CPU
		{BF928E84-953F-4765-9323-4AE6FD73132F}.Debug|x64.Build.0 = Debug|Any CPU
		{BF928E84-953F-4765-9323-4AE6FD73132F}.Debug|x86.ActiveCfg = Debug|Any CPU
		{BF928E84-953F-4765-9323-4AE6FD73132F}.Debug|x86.Build.0 = Debug|Any CPU
		{BF928E84-953F-4765-9323-4AE6FD73132F}.Release|Any CPU.ActiveCfg = Release|Any CPU
		{BF928E84-953F-4765-9323-4AE6FD73132F}.Release|Any CPU.Build.0 = Release|Any CPU
		{BF928E84-953F-4765-9323-4AE6FD73132F}.Release|x64.ActiveCfg = Release|Any CPU
		{BF928E84-953F-4765-9323-4AE6FD73132F}.Release|x64.Build.0 = Release|Any CPU
		{BF928E84-953F-4765-9323-4AE6FD73132F}.Release|x86.ActiveCfg = Release|Any CPU
		{BF928E84-953F-4765-9323-4AE6FD73132F}.Release|x86.Build.0 = Release|Any CPU
		{5C95C1BA-6FF7-4158-9171-3A437519D4EB}.Debug|Any CPU.ActiveCfg = Debug|Any CPU
		{5C95C1BA-6FF7-4158-9171-3A437519D4EB}.Debug|Any CPU.Build.0 = Debug|Any CPU
		{5C95C1BA-6FF7-4158-9171-3A437519D4EB}.Debug|x64.ActiveCfg = Debug|Any CPU
		{5C95C1BA-6FF7-4158-9171-3A437519D4EB}.Debug|x64.Build.0 = Debug|Any CPU
		{5C95C1BA-6FF7-4158-9171-3A437519D4EB}.Debug|x86.ActiveCfg = Debug|Any CPU
		{5C95C1BA-6FF7-4158-9171-3A437519D4EB}.Debug|x86.Build.0 = Debug|Any CPU
		{5C95C1BA-6FF7-4158-9171-3A437519D4EB}.Release|Any CPU.ActiveCfg = Release|Any CPU
		{5C95C1BA-6FF7-4158-9171-3A437519D4EB}.Release|Any CPU.Build.0 = Release|Any CPU
		{5C95C1BA-6FF7-4158-9171-3A437519D4EB}.Release|x64.ActiveCfg = Release|Any CPU
		{5C95C1BA-6FF7-4158-9171-3A437519D4EB}.Release|x64.Build.0 = Release|Any CPU
		{5C95C1BA-6FF7-4158-9171-3A437519D4EB}.Release|x86.ActiveCfg = Release|Any CPU
		{5C95C1BA-6FF7-4158-9171-3A437519D4EB}.Release|x86.Build.0 = Release|Any CPU
		{DDCA427D-9E0A-45B5-9CA3-A44A83BC733A}.Debug|Any CPU.ActiveCfg = Debug|Any CPU
		{DDCA427D-9E0A-45B5-9CA3-A44A83BC733A}.Debug|Any CPU.Build.0 = Debug|Any CPU
		{DDCA427D-9E0A-45B5-9CA3-A44A83BC733A}.Debug|x64.ActiveCfg = Debug|Any CPU
		{DDCA427D-9E0A-45B5-9CA3-A44A83BC733A}.Debug|x64.Build.0 = Debug|Any CPU
		{DDCA427D-9E0A-45B5-9CA3-A44A83BC733A}.Debug|x86.ActiveCfg = Debug|Any CPU
		{DDCA427D-9E0A-45B5-9CA3-A44A83BC733A}.Debug|x86.Build.0 = Debug|Any CPU
		{DDCA427D-9E0A-45B5-9CA3-A44A83BC733A}.Release|Any CPU.ActiveCfg = Release|Any CPU
		{DDCA427D-9E0A-45B5-9CA3-A44A83BC733A}.Release|Any CPU.Build.0 = Release|Any CPU
		{DDCA427D-9E0A-45B5-9CA3-A44A83BC733A}.Release|x64.ActiveCfg = Release|Any CPU
		{DDCA427D-9E0A-45B5-9CA3-A44A83BC733A}.Release|x64.Build.0 = Release|Any CPU
		{DDCA427D-9E0A-45B5-9CA3-A44A83BC733A}.Release|x86.ActiveCfg = Release|Any CPU
		{DDCA427D-9E0A-45B5-9CA3-A44A83BC733A}.Release|x86.Build.0 = Release|Any CPU
		{FD13B78F-1B68-4DEC-8C4F-4FC31DBF1620}.Debug|Any CPU.ActiveCfg = Debug|Any CPU
		{FD13B78F-1B68-4DEC-8C4F-4FC31DBF1620}.Debug|Any CPU.Build.0 = Debug|Any CPU
		{FD13B78F-1B68-4DEC-8C4F-4FC31DBF1620}.Debug|x64.ActiveCfg = Debug|Any CPU
		{FD13B78F-1B68-4DEC-8C4F-4FC31DBF1620}.Debug|x64.Build.0 = Debug|Any CPU
		{FD13B78F-1B68-4DEC-8C4F-4FC31DBF1620}.Debug|x86.ActiveCfg = Debug|Any CPU
		{FD13B78F-1B68-4DEC-8C4F-4FC31DBF1620}.Debug|x86.Build.0 = Debug|Any CPU
		{FD13B78F-1B68-4DEC-8C4F-4FC31DBF1620}.Release|Any CPU.ActiveCfg = Release|Any CPU
		{FD13B78F-1B68-4DEC-8C4F-4FC31DBF1620}.Release|Any CPU.Build.0 = Release|Any CPU
		{FD13B78F-1B68-4DEC-8C4F-4FC31DBF1620}.Release|x64.ActiveCfg = Release|Any CPU
		{FD13B78F-1B68-4DEC-8C4F-4FC31DBF1620}.Release|x64.Build.0 = Release|Any CPU
		{FD13B78F-1B68-4DEC-8C4F-4FC31DBF1620}.Release|x86.ActiveCfg = Release|Any CPU
		{FD13B78F-1B68-4DEC-8C4F-4FC31DBF1620}.Release|x86.Build.0 = Release|Any CPU
		{68172DA0-5793-435F-9755-5931AC089FA9}.Debug|Any CPU.ActiveCfg = Debug|Any CPU
		{68172DA0-5793-435F-9755-5931AC089FA9}.Debug|Any CPU.Build.0 = Debug|Any CPU
		{68172DA0-5793-435F-9755-5931AC089FA9}.Debug|x64.ActiveCfg = Debug|Any CPU
		{68172DA0-5793-435F-9755-5931AC089FA9}.Debug|x64.Build.0 = Debug|Any CPU
		{68172DA0-5793-435F-9755-5931AC089FA9}.Debug|x86.ActiveCfg = Debug|Any CPU
		{68172DA0-5793-435F-9755-5931AC089FA9}.Debug|x86.Build.0 = Debug|Any CPU
		{68172DA0-5793-435F-9755-5931AC089FA9}.Release|Any CPU.ActiveCfg = Release|Any CPU
		{68172DA0-5793-435F-9755-5931AC089FA9}.Release|Any CPU.Build.0 = Release|Any CPU
		{68172DA0-5793-435F-9755-5931AC089FA9}.Release|x64.ActiveCfg = Release|Any CPU
		{68172DA0-5793-435F-9755-5931AC089FA9}.Release|x64.Build.0 = Release|Any CPU
		{68172DA0-5793-435F-9755-5931AC089FA9}.Release|x86.ActiveCfg = Release|Any CPU
		{68172DA0-5793-435F-9755-5931AC089FA9}.Release|x86.Build.0 = Release|Any CPU
		{19DA276A-D0B5-4E00-A52F-89750703EC7D}.Debug|Any CPU.ActiveCfg = Debug|Any CPU
		{19DA276A-D0B5-4E00-A52F-89750703EC7D}.Debug|Any CPU.Build.0 = Debug|Any CPU
		{19DA276A-D0B5-4E00-A52F-89750703EC7D}.Debug|x64.ActiveCfg = Debug|Any CPU
		{19DA276A-D0B5-4E00-A52F-89750703EC7D}.Debug|x64.Build.0 = Debug|Any CPU
		{19DA276A-D0B5-4E00-A52F-89750703EC7D}.Debug|x86.ActiveCfg = Debug|Any CPU
		{19DA276A-D0B5-4E00-A52F-89750703EC7D}.Debug|x86.Build.0 = Debug|Any CPU
		{19DA276A-D0B5-4E00-A52F-89750703EC7D}.Release|Any CPU.ActiveCfg = Release|Any CPU
		{19DA276A-D0B5-4E00-A52F-89750703EC7D}.Release|Any CPU.Build.0 = Release|Any CPU
		{19DA276A-D0B5-4E00-A52F-89750703EC7D}.Release|x64.ActiveCfg = Release|Any CPU
		{19DA276A-D0B5-4E00-A52F-89750703EC7D}.Release|x64.Build.0 = Release|Any CPU
		{19DA276A-D0B5-4E00-A52F-89750703EC7D}.Release|x86.ActiveCfg = Release|Any CPU
		{19DA276A-D0B5-4E00-A52F-89750703EC7D}.Release|x86.Build.0 = Release|Any CPU
		{25182ED8-20C8-4655-ABEE-404CAC73EF4B}.Debug|Any CPU.ActiveCfg = Debug|Any CPU
		{25182ED8-20C8-4655-ABEE-404CAC73EF4B}.Debug|Any CPU.Build.0 = Debug|Any CPU
		{25182ED8-20C8-4655-ABEE-404CAC73EF4B}.Debug|x64.ActiveCfg = Debug|Any CPU
		{25182ED8-20C8-4655-ABEE-404CAC73EF4B}.Debug|x64.Build.0 = Debug|Any CPU
		{25182ED8-20C8-4655-ABEE-404CAC73EF4B}.Debug|x86.ActiveCfg = Debug|Any CPU
		{25182ED8-20C8-4655-ABEE-404CAC73EF4B}.Debug|x86.Build.0 = Debug|Any CPU
		{25182ED8-20C8-4655-ABEE-404CAC73EF4B}.Release|Any CPU.ActiveCfg = Release|Any CPU
		{25182ED8-20C8-4655-ABEE-404CAC73EF4B}.Release|Any CPU.Build.0 = Release|Any CPU
		{25182ED8-20C8-4655-ABEE-404CAC73EF4B}.Release|x64.ActiveCfg = Release|Any CPU
		{25182ED8-20C8-4655-ABEE-404CAC73EF4B}.Release|x64.Build.0 = Release|Any CPU
		{25182ED8-20C8-4655-ABEE-404CAC73EF4B}.Release|x86.ActiveCfg = Release|Any CPU
		{25182ED8-20C8-4655-ABEE-404CAC73EF4B}.Release|x86.Build.0 = Release|Any CPU
		{71492B55-1FAA-4236-BD7B-BBC929395028}.Debug|Any CPU.ActiveCfg = Debug|Any CPU
		{71492B55-1FAA-4236-BD7B-BBC929395028}.Debug|Any CPU.Build.0 = Debug|Any CPU
		{71492B55-1FAA-4236-BD7B-BBC929395028}.Debug|x64.ActiveCfg = Debug|Any CPU
		{71492B55-1FAA-4236-BD7B-BBC929395028}.Debug|x64.Build.0 = Debug|Any CPU
		{71492B55-1FAA-4236-BD7B-BBC929395028}.Debug|x86.ActiveCfg = Debug|Any CPU
		{71492B55-1FAA-4236-BD7B-BBC929395028}.Debug|x86.Build.0 = Debug|Any CPU
		{71492B55-1FAA-4236-BD7B-BBC929395028}.Release|Any CPU.ActiveCfg = Release|Any CPU
		{71492B55-1FAA-4236-BD7B-BBC929395028}.Release|Any CPU.Build.0 = Release|Any CPU
		{71492B55-1FAA-4236-BD7B-BBC929395028}.Release|x64.ActiveCfg = Release|Any CPU
		{71492B55-1FAA-4236-BD7B-BBC929395028}.Release|x64.Build.0 = Release|Any CPU
		{71492B55-1FAA-4236-BD7B-BBC929395028}.Release|x86.ActiveCfg = Release|Any CPU
		{71492B55-1FAA-4236-BD7B-BBC929395028}.Release|x86.Build.0 = Release|Any CPU
		{277FBE9E-BDB0-4896-9E33-3DF4F792022D}.Debug|Any CPU.ActiveCfg = Debug|Any CPU
		{277FBE9E-BDB0-4896-9E33-3DF4F792022D}.Debug|Any CPU.Build.0 = Debug|Any CPU
		{277FBE9E-BDB0-4896-9E33-3DF4F792022D}.Debug|x64.ActiveCfg = Debug|Any CPU
		{277FBE9E-BDB0-4896-9E33-3DF4F792022D}.Debug|x64.Build.0 = Debug|Any CPU
		{277FBE9E-BDB0-4896-9E33-3DF4F792022D}.Debug|x86.ActiveCfg = Debug|Any CPU
		{277FBE9E-BDB0-4896-9E33-3DF4F792022D}.Debug|x86.Build.0 = Debug|Any CPU
		{277FBE9E-BDB0-4896-9E33-3DF4F792022D}.Release|Any CPU.ActiveCfg = Release|Any CPU
		{277FBE9E-BDB0-4896-9E33-3DF4F792022D}.Release|Any CPU.Build.0 = Release|Any CPU
		{277FBE9E-BDB0-4896-9E33-3DF4F792022D}.Release|x64.ActiveCfg = Release|Any CPU
		{277FBE9E-BDB0-4896-9E33-3DF4F792022D}.Release|x64.Build.0 = Release|Any CPU
		{277FBE9E-BDB0-4896-9E33-3DF4F792022D}.Release|x86.ActiveCfg = Release|Any CPU
		{277FBE9E-BDB0-4896-9E33-3DF4F792022D}.Release|x86.Build.0 = Release|Any CPU
		{C8D991A1-CB78-4FEC-8580-8596B0023940}.Debug|Any CPU.ActiveCfg = Debug|Any CPU
		{C8D991A1-CB78-4FEC-8580-8596B0023940}.Debug|Any CPU.Build.0 = Debug|Any CPU
		{C8D991A1-CB78-4FEC-8580-8596B0023940}.Debug|x64.ActiveCfg = Debug|Any CPU
		{C8D991A1-CB78-4FEC-8580-8596B0023940}.Debug|x64.Build.0 = Debug|Any CPU
		{C8D991A1-CB78-4FEC-8580-8596B0023940}.Debug|x86.ActiveCfg = Debug|Any CPU
		{C8D991A1-CB78-4FEC-8580-8596B0023940}.Debug|x86.Build.0 = Debug|Any CPU
		{C8D991A1-CB78-4FEC-8580-8596B0023940}.Release|Any CPU.ActiveCfg = Release|Any CPU
		{C8D991A1-CB78-4FEC-8580-8596B0023940}.Release|Any CPU.Build.0 = Release|Any CPU
		{C8D991A1-CB78-4FEC-8580-8596B0023940}.Release|x64.ActiveCfg = Release|Any CPU
		{C8D991A1-CB78-4FEC-8580-8596B0023940}.Release|x64.Build.0 = Release|Any CPU
		{C8D991A1-CB78-4FEC-8580-8596B0023940}.Release|x86.ActiveCfg = Release|Any CPU
		{C8D991A1-CB78-4FEC-8580-8596B0023940}.Release|x86.Build.0 = Release|Any CPU
	EndGlobalSection
	GlobalSection(SolutionProperties) = preSolution
		HideSolutionNode = FALSE
	EndGlobalSection
	GlobalSection(NestedProjects) = preSolution
		{BF928E84-953F-4765-9323-4AE6FD73132F} = {827E0CD3-B72D-47B6-A68D-7590B98EB39B}
		{5C95C1BA-6FF7-4158-9171-3A437519D4EB} = {827E0CD3-B72D-47B6-A68D-7590B98EB39B}
		{DDCA427D-9E0A-45B5-9CA3-A44A83BC733A} = {827E0CD3-B72D-47B6-A68D-7590B98EB39B}
		{FD13B78F-1B68-4DEC-8C4F-4FC31DBF1620} = {827E0CD3-B72D-47B6-A68D-7590B98EB39B}
		{68172DA0-5793-435F-9755-5931AC089FA9} = {827E0CD3-B72D-47B6-A68D-7590B98EB39B}
		{19DA276A-D0B5-4E00-A52F-89750703EC7D} = {0AB3BF05-4346-4AA6-1389-037BE0695223}
		{25182ED8-20C8-4655-ABEE-404CAC73EF4B} = {0AB3BF05-4346-4AA6-1389-037BE0695223}
		{71492B55-1FAA-4236-BD7B-BBC929395028} = {0AB3BF05-4346-4AA6-1389-037BE0695223}
		{277FBE9E-BDB0-4896-9E33-3DF4F792022D} = {0AB3BF05-4346-4AA6-1389-037BE0695223}
		{C8D991A1-CB78-4FEC-8580-8596B0023940} = {0AB3BF05-4346-4AA6-1389-037BE0695223}
	EndGlobalSection
EndGlobal
